
Microsoft Visual Studio Solution File, Format Version 12.00
# Visual Studio Version 17
VisualStudioVersion = 17.8.34525.116
MinimumVisualStudioVersion = 10.0.40219.1
Project("{9A19103F-16F7-4668-BE54-9A1E7A4F7556}") = "AS2324.3G.Prof.AutomobileWF", "AS2324.3G.Prof.AutomobileWF\AS2324.3G.Prof.AutomobileWF.csproj", "{0CA102B2-CD83-4F96-BE88-A41B655B97FC}"
EndProject
Project("{2150E333-8FDC-42A3-9474-1A3956D46DE8}") = "audio", "audio", "{F0300753-4F6F-4448-8EC2-81C2A2F88793}"
	ProjectSection(SolutionItems) = preProject
		..\..\..\..\..\Downloads\goofy-ahh-car-horn-200870.wav = ..\..\..\..\..\Downloads\goofy-ahh-car-horn-200870.wav
	EndProjectSection
EndProject
Global
	GlobalSection(SolutionConfigurationPlatforms) = preSolution
		Debug|Any CPU = Debug|Any CPU
		Release|Any CPU = Release|Any CPU
	EndGlobalSection
	GlobalSection(ProjectConfigurationPlatforms) = postSolution
		{0CA102B2-CD83-4F96-BE88-A41B655B97FC}.Debug|Any CPU.ActiveCfg = Debug|Any CPU
		{0CA102B2-CD83-4F96-BE88-A41B655B97FC}.Debug|Any CPU.Build.0 = Debug|Any CPU
		{0CA102B2-CD83-4F96-BE88-A41B655B97FC}.Release|Any CPU.ActiveCfg = Release|Any CPU
		{0CA102B2-CD83-4F96-BE88-A41B655B97FC}.Release|Any CPU.Build.0 = Release|Any CPU
	EndGlobalSection
	GlobalSection(SolutionProperties) = preSolution
		HideSolutionNode = FALSE
	EndGlobalSection
	GlobalSection(ExtensibilityGlobals) = postSolution
		SolutionGuid = {92EBD638-98D6-4342-BF8D-E4E31F34791D}
	EndGlobalSection
EndGlobal
